
Microsoft Visual Studio Solution File, Format Version 12.00
# Visual Studio 14
VisualStudioVersion = 14.0.25123.0
MinimumVisualStudioVersion = 10.0.40219.1
Project("{2150E333-8FDC-42A3-9474-1A3956D46DE8}") = "Domain", "Domain", "{C120D7E3-845C-4565-8D88-1718A3C53CD1}"
EndProject
Project("{2150E333-8FDC-42A3-9474-1A3956D46DE8}") = "UI", "UI", "{C880722B-BC83-41E0-944A-66A6A0720AF1}"
EndProject
Project("{2150E333-8FDC-42A3-9474-1A3956D46DE8}") = "Infra", "Infra", "{75F6BEEE-E921-43E5-ABD3-22D8E4203E0C}"
EndProject
Project("{2150E333-8FDC-42A3-9474-1A3956D46DE8}") = "App", "App", "{17713D94-E345-4130-9E24-CB9CA8050CE9}"
EndProject
Project("{2150E333-8FDC-42A3-9474-1A3956D46DE8}") = "Helpers", "Helpers", "{FDBC178B-E55F-4DA9-84F5-51A7C88D8574}"
EndProject
Project("{FAE04EC0-301F-11D3-BF4B-00C04F79EFBC}") = "GClientes.Domain", "GClientes.Domain\GClientes.Domain.csproj", "{4C24919C-5F30-41B8-98B1-3CCEE3843A1F}"
EndProject
Project("{FAE04EC0-301F-11D3-BF4B-00C04F79EFBC}") = "GClientes.App", "GClientes.App\GClientes.App.csproj", "{CDCB9D16-A403-4A6A-A1F3-744C2638C1AF}"
EndProject
Project("{FAE04EC0-301F-11D3-BF4B-00C04F79EFBC}") = "GClientes.Helpers", "GClientes.Helpers\GClientes.Helpers.csproj", "{BEFE1AC9-636F-4A01-8BF8-DDD165E3DC7E}"
EndProject
Project("{FAE04EC0-301F-11D3-BF4B-00C04F79EFBC}") = "GClientes.Infra", "GClientes.Infra\GClientes.Infra.csproj", "{F702EC04-5466-49F5-914B-5C2761671860}"
EndProject
Project("{FAE04EC0-301F-11D3-BF4B-00C04F79EFBC}") = "GBlientes.UI", "GBlientes.UI\GBlientes.UI.csproj", "{3100F085-0C8C-44A0-966C-2B76E34BD33C}"
EndProject
Global
	GlobalSection(SolutionConfigurationPlatforms) = preSolution
		Debug|Any CPU = Debug|Any CPU
		Release|Any CPU = Release|Any CPU
	EndGlobalSection
	GlobalSection(ProjectConfigurationPlatforms) = postSolution
		{4C24919C-5F30-41B8-98B1-3CCEE3843A1F}.Debug|Any CPU.ActiveCfg = Debug|Any CPU
		{4C24919C-5F30-41B8-98B1-3CCEE3843A1F}.Debug|Any CPU.Build.0 = Debug|Any CPU
		{4C24919C-5F30-41B8-98B1-3CCEE3843A1F}.Release|Any CPU.ActiveCfg = Release|Any CPU
		{4C24919C-5F30-41B8-98B1-3CCEE3843A1F}.Release|Any CPU.Build.0 = Release|Any CPU
		{CDCB9D16-A403-4A6A-A1F3-744C2638C1AF}.Debug|Any CPU.ActiveCfg = Debug|Any CPU
		{CDCB9D16-A403-4A6A-A1F3-744C2638C1AF}.Debug|Any CPU.Build.0 = Debug|Any CPU
		{CDCB9D16-A403-4A6A-A1F3-744C2638C1AF}.Release|Any CPU.ActiveCfg = Release|Any CPU
		{CDCB9D16-A403-4A6A-A1F3-744C2638C1AF}.Release|Any CPU.Build.0 = Release|Any CPU
		{BEFE1AC9-636F-4A01-8BF8-DDD165E3DC7E}.Debug|Any CPU.ActiveCfg = Debug|Any CPU
		{BEFE1AC9-636F-4A01-8BF8-DDD165E3DC7E}.Debug|Any CPU.Build.0 = Debug|Any CPU
		{BEFE1AC9-636F-4A01-8BF8-DDD165E3DC7E}.Release|Any CPU.ActiveCfg = Release|Any CPU
		{BEFE1AC9-636F-4A01-8BF8-DDD165E3DC7E}.Release|Any CPU.Build.0 = Release|Any CPU
		{F702EC04-5466-49F5-914B-5C2761671860}.Debug|Any CPU.ActiveCfg = Debug|Any CPU
		{F702EC04-5466-49F5-914B-5C2761671860}.Debug|Any CPU.Build.0 = Debug|Any CPU
		{F702EC04-5466-49F5-914B-5C2761671860}.Release|Any CPU.ActiveCfg = Release|Any CPU
		{F702EC04-5466-49F5-914B-5C2761671860}.Release|Any CPU.Build.0 = Release|Any CPU
		{3100F085-0C8C-44A0-966C-2B76E34BD33C}.Debug|Any CPU.ActiveCfg = Debug|Any CPU
		{3100F085-0C8C-44A0-966C-2B76E34BD33C}.Debug|Any CPU.Build.0 = Debug|Any CPU
		{3100F085-0C8C-44A0-966C-2B76E34BD33C}.Release|Any CPU.ActiveCfg = Release|Any CPU
		{3100F085-0C8C-44A0-966C-2B76E34BD33C}.Release|Any CPU.Build.0 = Release|Any CPU
	EndGlobalSection
	GlobalSection(SolutionProperties) = preSolution
		HideSolutionNode = FALSE
	EndGlobalSection
	GlobalSection(NestedProjects) = preSolution
		{4C24919C-5F30-41B8-98B1-3CCEE3843A1F} = {C120D7E3-845C-4565-8D88-1718A3C53CD1}
		{CDCB9D16-A403-4A6A-A1F3-744C2638C1AF} = {17713D94-E345-4130-9E24-CB9CA8050CE9}
		{BEFE1AC9-636F-4A01-8BF8-DDD165E3DC7E} = {FDBC178B-E55F-4DA9-84F5-51A7C88D8574}
		{F702EC04-5466-49F5-914B-5C2761671860} = {75F6BEEE-E921-43E5-ABD3-22D8E4203E0C}
		{3100F085-0C8C-44A0-966C-2B76E34BD33C} = {C880722B-BC83-41E0-944A-66A6A0720AF1}
	EndGlobalSection
EndGlobal
